
Microsoft Visual Studio Solution File, Format Version 12.00
Project("{2150E333-8FDC-42A3-9474-1A3956D46DE8}") = "src", "src", "{6E4DAD3C-0090-4B1E-9244-B0E6F44AFAC8}"
EndProject
Project("{2150E333-8FDC-42A3-9474-1A3956D46DE8}") = "tests", "tests", "{B9233DCD-162C-4704-8229-4FC97B56A2BD}"
EndProject
Project("{FAE04EC0-301F-11D3-BF4B-00C04F79EFBC}") = "Wiknap.Mail", "src\Wiknap.Mail\Wiknap.Mail.csproj", "{0D764346-980F-479F-8188-F1E077519F58}"
EndProject
Global
	GlobalSection(SolutionConfigurationPlatforms) = preSolution
		Debug|Any CPU = Debug|Any CPU
		Release|Any CPU = Release|Any CPU
	EndGlobalSection
	GlobalSection(ProjectConfigurationPlatforms) = postSolution
		{0D764346-980F-479F-8188-F1E077519F58}.Debug|Any CPU.ActiveCfg = Debug|Any CPU
		{0D764346-980F-479F-8188-F1E077519F58}.Release|Any CPU.ActiveCfg = Release|Any CPU
		{0D764346-980F-479F-8188-F1E077519F58}.Release|Any CPU.Build.0 = Release|Any CPU
	EndGlobalSection
	GlobalSection(NestedProjects) = preSolution
		{0D764346-980F-479F-8188-F1E077519F58} = {6E4DAD3C-0090-4B1E-9244-B0E6F44AFAC8}
	EndGlobalSection
EndGlobal
