
Microsoft Visual Studio Solution File, Format Version 12.00
Project("{2150E333-8FDC-42A3-9474-1A3956D46DE8}") = "src", "src", "{6E4DAD3C-0090-4B1E-9244-B0E6F44AFAC8}"
EndProject
Project("{2150E333-8FDC-42A3-9474-1A3956D46DE8}") = "tests", "tests", "{B9233DCD-162C-4704-8229-4FC97B56A2BD}"
EndProject
Project("{FAE04EC0-301F-11D3-BF4B-00C04F79EFBC}") = "Wiknap.Email", "src\Wiknap.Email\Wiknap.Email.csproj", "{0D764346-980F-479F-8188-F1E077519F58}"
EndProject
Project("{2150E333-8FDC-42A3-9474-1A3956D46DE8}") = ".solution Items", ".solution Items", "{4AA029D1-1A1E-4CD4-8DD4-72F0D7795B40}"
	ProjectSection(SolutionItems) = preProject
		..\.editorconfig = ..\.editorconfig
		..\.gitignore = ..\.gitignore
		..\Directory.Build.props = ..\Directory.Build.props
		Directory.Packages.props = Directory.Packages.props
		NuGet.config = NuGet.config
	EndProjectSection
EndProject
Project("{FAE04EC0-301F-11D3-BF4B-00C04F79EFBC}") = "Wiknap.Email.DependencyInjection", "src\Wiknap.Email.DependencyInjection\Wiknap.Email.DependencyInjection.csproj", "{1C691BD9-3C29-4030-976B-D3DFE28FA7B5}"
EndProject
Project("{FAE04EC0-301F-11D3-BF4B-00C04F79EFBC}") = "Wiknap.Email.DependencyInjection.Tests.Unit", "tests\Wiknap.Email.DependencyInjection.Tests.Unit\Wiknap.Email.DependencyInjection.Tests.Unit.csproj", "{BC5EFBDF-0617-4C7D-B59D-13D147079CB9}"
EndProject
Project("{FAE04EC0-301F-11D3-BF4B-00C04F79EFBC}") = "Wiknap.Email.Tests.Integration", "tests\Wiknap.Email.Tests.Integration\Wiknap.Email.Tests.Integration.csproj", "{30952106-AE08-49BA-A64F-7E4C3F38FF6E}"
EndProject
Global
	GlobalSection(SolutionConfigurationPlatforms) = preSolution
		Debug|Any CPU = Debug|Any CPU
		Release|Any CPU = Release|Any CPU
	EndGlobalSection
	GlobalSection(ProjectConfigurationPlatforms) = postSolution
		{0D764346-980F-479F-8188-F1E077519F58}.Debug|Any CPU.ActiveCfg = Debug|Any CPU
		{0D764346-980F-479F-8188-F1E077519F58}.Debug|Any CPU.Build.0 = Debug|Any CPU
		{0D764346-980F-479F-8188-F1E077519F58}.Release|Any CPU.ActiveCfg = Release|Any CPU
		{0D764346-980F-479F-8188-F1E077519F58}.Release|Any CPU.Build.0 = Release|Any CPU
		{1C691BD9-3C29-4030-976B-D3DFE28FA7B5}.Debug|Any CPU.ActiveCfg = Debug|Any CPU
		{1C691BD9-3C29-4030-976B-D3DFE28FA7B5}.Debug|Any CPU.Build.0 = Debug|Any CPU
		{1C691BD9-3C29-4030-976B-D3DFE28FA7B5}.Release|Any CPU.ActiveCfg = Release|Any CPU
		{1C691BD9-3C29-4030-976B-D3DFE28FA7B5}.Release|Any CPU.Build.0 = Release|Any CPU
		{BC5EFBDF-0617-4C7D-B59D-13D147079CB9}.Debug|Any CPU.ActiveCfg = Debug|Any CPU
		{BC5EFBDF-0617-4C7D-B59D-13D147079CB9}.Debug|Any CPU.Build.0 = Debug|Any CPU
		{BC5EFBDF-0617-4C7D-B59D-13D147079CB9}.Release|Any CPU.ActiveCfg = Release|Any CPU
		{BC5EFBDF-0617-4C7D-B59D-13D147079CB9}.Release|Any CPU.Build.0 = Release|Any CPU
		{30952106-AE08-49BA-A64F-7E4C3F38FF6E}.Debug|Any CPU.ActiveCfg = Debug|Any CPU
		{30952106-AE08-49BA-A64F-7E4C3F38FF6E}.Debug|Any CPU.Build.0 = Debug|Any CPU
		{30952106-AE08-49BA-A64F-7E4C3F38FF6E}.Release|Any CPU.ActiveCfg = Release|Any CPU
		{30952106-AE08-49BA-A64F-7E4C3F38FF6E}.Release|Any CPU.Build.0 = Release|Any CPU
	EndGlobalSection
	GlobalSection(NestedProjects) = preSolution
		{0D764346-980F-479F-8188-F1E077519F58} = {6E4DAD3C-0090-4B1E-9244-B0E6F44AFAC8}
		{1C691BD9-3C29-4030-976B-D3DFE28FA7B5} = {6E4DAD3C-0090-4B1E-9244-B0E6F44AFAC8}
		{BC5EFBDF-0617-4C7D-B59D-13D147079CB9} = {B9233DCD-162C-4704-8229-4FC97B56A2BD}
		{30952106-AE08-49BA-A64F-7E4C3F38FF6E} = {B9233DCD-162C-4704-8229-4FC97B56A2BD}
	EndGlobalSection
EndGlobal
