
Microsoft Visual Studio Solution File, Format Version 12.00
Project("{2150E333-8FDC-42A3-9474-1A3956D46DE8}") = ".solution items", ".solution items", "{D86C3F02-423C-4296-89E2-A30557933E89}"
	ProjectSection(SolutionItems) = preProject
		..\Directory.Build.props = ..\Directory.Build.props
		..\.gitignore = ..\.gitignore
		..\.editorconfig = ..\.editorconfig
	EndProjectSection
EndProject
Project("{2150E333-8FDC-42A3-9474-1A3956D46DE8}") = "src", "src", "{85861A53-DFBD-4370-A750-A254AE761D89}"
EndProject
Project("{FAE04EC0-301F-11D3-BF4B-00C04F79EFBC}") = "Wiknap.CQRS", "src\Wiknap.CQRS\Wiknap.CQRS.csproj", "{950BF3E8-D1B1-482A-88A4-3AF0C1C068CF}"
EndProject
Project("{FAE04EC0-301F-11D3-BF4B-00C04F79EFBC}") = "Wiknap.CQRS.DependencyInjection", "src\Wiknap.CQRS.DependencyInjection\Wiknap.CQRS.DependencyInjection.csproj", "{FB1BB2D8-D0E6-418F-8E25-3F03D642FBB0}"
EndProject
Project("{2150E333-8FDC-42A3-9474-1A3956D46DE8}") = "tests", "tests", "{92C13679-BC20-4F64-9BF1-527014377C00}"
EndProject
Project("{FAE04EC0-301F-11D3-BF4B-00C04F79EFBC}") = "Wiknap.CQRS.Tests.Unit.TestProject", "tests\Wiknap.CQRS.Tests.Unit.TestProject\Wiknap.CQRS.Tests.Unit.TestProject.csproj", "{6EA0CFDE-02A9-4B6C-984B-7E22A84F5FC5}"
EndProject
Project("{FAE04EC0-301F-11D3-BF4B-00C04F79EFBC}") = "Wiknap.CQRS.DependencyInjection.Tests.Unit", "tests\Wiknap.CQRS.DependencyInjection.Tests.Unit\Wiknap.CQRS.DependencyInjection.Tests.Unit.csproj", "{210FDED2-8F46-4DC2-9A73-3AF630760B0B}"
EndProject
Global
	GlobalSection(SolutionConfigurationPlatforms) = preSolution
		Debug|Any CPU = Debug|Any CPU
		Release|Any CPU = Release|Any CPU
	EndGlobalSection
	GlobalSection(NestedProjects) = preSolution
		{950BF3E8-D1B1-482A-88A4-3AF0C1C068CF} = {85861A53-DFBD-4370-A750-A254AE761D89}
		{FB1BB2D8-D0E6-418F-8E25-3F03D642FBB0} = {85861A53-DFBD-4370-A750-A254AE761D89}
		{6EA0CFDE-02A9-4B6C-984B-7E22A84F5FC5} = {92C13679-BC20-4F64-9BF1-527014377C00}
		{210FDED2-8F46-4DC2-9A73-3AF630760B0B} = {92C13679-BC20-4F64-9BF1-527014377C00}
	EndGlobalSection
	GlobalSection(ProjectConfigurationPlatforms) = postSolution
		{950BF3E8-D1B1-482A-88A4-3AF0C1C068CF}.Debug|Any CPU.ActiveCfg = Debug|Any CPU
		{950BF3E8-D1B1-482A-88A4-3AF0C1C068CF}.Debug|Any CPU.Build.0 = Debug|Any CPU
		{950BF3E8-D1B1-482A-88A4-3AF0C1C068CF}.Release|Any CPU.ActiveCfg = Release|Any CPU
		{950BF3E8-D1B1-482A-88A4-3AF0C1C068CF}.Release|Any CPU.Build.0 = Release|Any CPU
		{FB1BB2D8-D0E6-418F-8E25-3F03D642FBB0}.Debug|Any CPU.ActiveCfg = Debug|Any CPU
		{FB1BB2D8-D0E6-418F-8E25-3F03D642FBB0}.Debug|Any CPU.Build.0 = Debug|Any CPU
		{FB1BB2D8-D0E6-418F-8E25-3F03D642FBB0}.Release|Any CPU.ActiveCfg = Release|Any CPU
		{FB1BB2D8-D0E6-418F-8E25-3F03D642FBB0}.Release|Any CPU.Build.0 = Release|Any CPU
		{6EA0CFDE-02A9-4B6C-984B-7E22A84F5FC5}.Debug|Any CPU.ActiveCfg = Debug|Any CPU
		{6EA0CFDE-02A9-4B6C-984B-7E22A84F5FC5}.Debug|Any CPU.Build.0 = Debug|Any CPU
		{6EA0CFDE-02A9-4B6C-984B-7E22A84F5FC5}.Release|Any CPU.ActiveCfg = Release|Any CPU
		{6EA0CFDE-02A9-4B6C-984B-7E22A84F5FC5}.Release|Any CPU.Build.0 = Release|Any CPU
		{210FDED2-8F46-4DC2-9A73-3AF630760B0B}.Debug|Any CPU.ActiveCfg = Debug|Any CPU
		{210FDED2-8F46-4DC2-9A73-3AF630760B0B}.Debug|Any CPU.Build.0 = Debug|Any CPU
		{210FDED2-8F46-4DC2-9A73-3AF630760B0B}.Release|Any CPU.ActiveCfg = Release|Any CPU
		{210FDED2-8F46-4DC2-9A73-3AF630760B0B}.Release|Any CPU.Build.0 = Release|Any CPU
	EndGlobalSection
EndGlobal
